
Microsoft Visual Studio Solution File, Format Version 12.00
# Visual Studio Version 17
VisualStudioVersion = 17.0.31903.59
MinimumVisualStudioVersion = 10.0.40219.1
Project("{FAE04EC0-301F-11D3-BF4B-00C04F79EFBC}") = "Exe06a", "Exe06a\Exe06a.csproj", "{91A618FC-9CFA-49AC-935D-032174693EA1}"
EndProject
Project("{FAE04EC0-301F-11D3-BF4B-00C04F79EFBC}") = "Exe06b", "Exe06b\Exe06b.csproj", "{260A737A-5027-47DB-87A1-9F9954EECD82}"
EndProject
Global
	GlobalSection(SolutionConfigurationPlatforms) = preSolution
		Debug|Any CPU = Debug|Any CPU
		Release|Any CPU = Release|Any CPU
	EndGlobalSection
	GlobalSection(SolutionProperties) = preSolution
		HideSolutionNode = FALSE
	EndGlobalSection
	GlobalSection(ProjectConfigurationPlatforms) = postSolution
		{91A618FC-9CFA-49AC-935D-032174693EA1}.Debug|Any CPU.ActiveCfg = Debug|Any CPU
		{91A618FC-9CFA-49AC-935D-032174693EA1}.Debug|Any CPU.Build.0 = Debug|Any CPU
		{91A618FC-9CFA-49AC-935D-032174693EA1}.Release|Any CPU.ActiveCfg = Release|Any CPU
		{91A618FC-9CFA-49AC-935D-032174693EA1}.Release|Any CPU.Build.0 = Release|Any CPU
		{260A737A-5027-47DB-87A1-9F9954EECD82}.Debug|Any CPU.ActiveCfg = Debug|Any CPU
		{260A737A-5027-47DB-87A1-9F9954EECD82}.Debug|Any CPU.Build.0 = Debug|Any CPU
		{260A737A-5027-47DB-87A1-9F9954EECD82}.Release|Any CPU.ActiveCfg = Release|Any CPU
		{260A737A-5027-47DB-87A1-9F9954EECD82}.Release|Any CPU.Build.0 = Release|Any CPU
	EndGlobalSection
EndGlobal
